<?xml version="1.0" encoding="utf-8"?>
<Project ToolsVersion="4.0" xmlns="http://schemas.microsoft.com/developer/msbuild/2003">
  <ItemGroup>
    <Filter Include="Source Files">
      <UniqueIdentifier>{4FC737F1-C7A5-4376-A066-2A32D752A2FF}</UniqueIdentifier>
      <Extensions>cpp;c;cc;cxx;def;odl;idl;hpj;bat;asm;asmx</Extensions>
    </Filter>
    <Filter Include="Header Files">
      <UniqueIdentifier>{93995380-89BD-4b04-88EB-625FBE52EBFB}</UniqueIdentifier>
      <Extensions>h;hpp;hxx;hm;inl;inc;xsd</Extensions>
    </Filter>
    <Filter Include="Resource Files">
      <UniqueIdentifier>{67DA6AB6-F800-4c08-8B7A-83BB121AAD01}</UniqueIdentifier>
      <Extensions>rc;ico;cur;bmp;dlg;rc2;rct;bin;rgs;gif;jpg;jpeg;jpe;resx;tiff;tif;png;wav;mfcribbon-ms</Extensions>
    </Filter>
    <Filter Include="Header Files\Input">
      <UniqueIdentifier>{7fd07ec0-ed23-4f8f-a207-b9411a704edb}</UniqueIdentifier>
    </Filter>
    <Filter Include="Source Files\Input">
      <UniqueIdentifier>{749162b6-dbc0-4e2d-b42b-d278b26a9b41}</UniqueIdentifier>
    </Filter>
    <Filter Include="Header Files\Main">
      <UniqueIdentifier>{0bb690d4-2d2b-452e-a602-da0b03769383}</UniqueIdentifier>
    </Filter>
    <Filter Include="Source Files\Main">
      <UniqueIdentifier>{cf0bf651-160c-4a49-a397-9e8cf53d44ba}</UniqueIdentifier>
    </Filter>
    <Filter Include="Header Files\Camera">
      <UniqueIdentifier>{a8880303-86a6-4b40-af0c-36257848742a}</UniqueIdentifier>
    </Filter>
    <Filter Include="Source Files\Camera">
      <UniqueIdentifier>{eb6b661f-15da-4abd-9e01-833c587a0e71}</UniqueIdentifier>
    </Filter>
    <Filter Include="Header Files\Misc">
      <UniqueIdentifier>{08269d25-c084-43aa-b717-114e0bdc74e4}</UniqueIdentifier>
    </Filter>
    <Filter Include="Source Files\Misc">
      <UniqueIdentifier>{a3a05c46-01dc-4c4c-b3fb-f391ab32c594}</UniqueIdentifier>
    </Filter>
    <Filter Include="Header Files\Main\Scene">
      <UniqueIdentifier>{afb6bea1-5445-4367-bfa5-1678dddda5c0}</UniqueIdentifier>
    </Filter>
    <Filter Include="Source Files\Main\Scene">
      <UniqueIdentifier>{42a494f8-e389-4e9d-8416-25637c3df728}</UniqueIdentifier>
    </Filter>
    <Filter Include="Header Files\2D">
      <UniqueIdentifier>{f7e7ba7f-5ba5-41ae-aa29-aff4736faf3b}</UniqueIdentifier>
    </Filter>
    <Filter Include="Source Files\2D">
      <UniqueIdentifier>{4c097e35-8ecc-42d4-a96a-40fbcbaeb8aa}</UniqueIdentifier>
    </Filter>
    <Filter Include="Header Files\2D\UI">
      <UniqueIdentifier>{970c27ee-93af-48df-8506-e632ccb90ca4}</UniqueIdentifier>
    </Filter>
    <Filter Include="Source Files\2D\UI">
      <UniqueIdentifier>{6cf66330-10f7-4a7b-ade9-8086d0af354d}</UniqueIdentifier>
    </Filter>
    <Filter Include="Header Files\2D\Character">
      <UniqueIdentifier>{6316a63c-eb42-4023-a5a3-52e97bea18d3}</UniqueIdentifier>
    </Filter>
    <Filter Include="Source Files\2D\Character">
      <UniqueIdentifier>{c57d91ab-d541-453f-9dfb-ef1f9692f7df}</UniqueIdentifier>
    </Filter>
    <Filter Include="Header Files\2D\Item">
      <UniqueIdentifier>{55144c34-c590-4d7f-a3ff-2cc2e06868b7}</UniqueIdentifier>
    </Filter>
    <Filter Include="Header Files\2D\Item\Type">
      <UniqueIdentifier>{fdd37e96-88ad-47d6-bd22-ec5646ca4db2}</UniqueIdentifier>
    </Filter>
    <Filter Include="Source Files\2D\Item">
      <UniqueIdentifier>{789eeaef-3cda-4f05-99a5-c49240b5a9be}</UniqueIdentifier>
    </Filter>
    <Filter Include="Source Files\2D\Item\Type">
      <UniqueIdentifier>{0babeda7-cba3-4f62-b6b1-5f4695967f53}</UniqueIdentifier>
    </Filter>
    <Filter Include="Source Files\2D\Character\AI">
      <UniqueIdentifier>{b858185a-a3ea-4df3-96c6-637f245133ff}</UniqueIdentifier>
    </Filter>
    <Filter Include="Header Files\2D\Character\AI">
      <UniqueIdentifier>{dc0fb222-e436-4aeb-9e86-2a8274501d1a}</UniqueIdentifier>
    </Filter>
  </ItemGroup>
  <ItemGroup>
    <ClCompile Include="Source\Mouse.cpp">
      <Filter>Source Files\Input</Filter>
    </ClCompile>
    <ClCompile Include="Source\main.cpp">
      <Filter>Source Files\Main</Filter>
    </ClCompile>
    <ClCompile Include="Source\KingEngine.cpp">
      <Filter>Source Files\Main</Filter>
    </ClCompile>
    <ClCompile Include="Source\Camera.cpp">
      <Filter>Source Files\Camera</Filter>
    </ClCompile>
    <ClCompile Include="Source\Camera2.cpp">
      <Filter>Source Files\Camera</Filter>
    </ClCompile>
    <ClCompile Include="Source\LoadOBJ.cpp">
      <Filter>Source Files\Misc</Filter>
    </ClCompile>
    <ClCompile Include="Source\Utility.cpp">
      <Filter>Source Files\Misc</Filter>
    </ClCompile>
    <ClCompile Include="Source\LoadTGA.cpp">
      <Filter>Source Files\Misc</Filter>
    </ClCompile>
    <ClCompile Include="Source\Mesh.cpp">
      <Filter>Source Files\Misc</Filter>
    </ClCompile>
    <ClCompile Include="Source\MeshBuilder.cpp">
      <Filter>Source Files\Misc</Filter>
    </ClCompile>
    <ClCompile Include="Source\shader.cpp">
      <Filter>Source Files\Misc</Filter>
    </ClCompile>
    <ClCompile Include="Source\SpriteAnimation.cpp">
      <Filter>Source Files\Misc</Filter>
    </ClCompile>
    <ClCompile Include="Source\TileMap.cpp">
      <Filter>Source Files\Misc</Filter>
    </ClCompile>
    <ClCompile Include="Source\TileSheet.cpp">
      <Filter>Source Files\Misc</Filter>
    </ClCompile>
    <ClCompile Include="Source\Scene2D.cpp">
      <Filter>Source Files\Main\Scene</Filter>
    </ClCompile>
    <ClCompile Include="Source\SceneGame.cpp">
      <Filter>Source Files\Main\Scene</Filter>
    </ClCompile>
    <ClCompile Include="Source\GameObject2D.cpp">
      <Filter>Source Files\2D</Filter>
    </ClCompile>
    <ClCompile Include="Source\Buttons.cpp">
      <Filter>Source Files\2D\UI</Filter>
    </ClCompile>
    <ClCompile Include="Source\Character.cpp">
      <Filter>Source Files\2D\Character</Filter>
    </ClCompile>
    <ClCompile Include="Source\Player.cpp">
      <Filter>Source Files\2D\Character</Filter>
    </ClCompile>
    <ClCompile Include="Source\ItemClothing.cpp">
      <Filter>Source Files\2D\Item\Type</Filter>
    </ClCompile>
    <ClCompile Include="Source\ItemMisc.cpp">
      <Filter>Source Files\2D\Item\Type</Filter>
    </ClCompile>
    <ClCompile Include="Source\ItemWeapon.cpp">
      <Filter>Source Files\2D\Item\Type</Filter>
    </ClCompile>
    <ClCompile Include="Source\Item.cpp">
      <Filter>Source Files\2D\Item</Filter>
    </ClCompile>
    <ClCompile Include="Source\AI.cpp">
      <Filter>Source Files\2D\Character\AI</Filter>
    </ClCompile>
    <ClCompile Include="Source\Guards.cpp">
      <Filter>Source Files\2D\Character\AI</Filter>
    </ClCompile>
    <ClCompile Include="Source\Prisoners.cpp">
      <Filter>Source Files\2D\Character\AI</Filter>
    </ClCompile>
    <ClCompile Include="Source\Interface.cpp">
      <Filter>Source Files\2D\UI</Filter>
    </ClCompile>
    <ClCompile Include="Source\StateMachine.cpp">
      <Filter>Source Files\2D\Character</Filter>
    </ClCompile>
    <ClCompile Include="Source\Sound.cpp">
      <Filter>Source Files\2D</Filter>
    </ClCompile>
    <ClCompile Include="Source\Keyboard.cpp">
      <Filter>Source Files\Input</Filter>
    </ClCompile>
  </ItemGroup>
  <ItemGroup>
    <ClInclude Include="Source\Mouse.h">
      <Filter>Header Files\Input</Filter>
    </ClInclude>
    <ClInclude Include="Source\KingEngine.h">
      <Filter>Header Files\Main</Filter>
    </ClInclude>
    <ClInclude Include="Source\Camera.h">
      <Filter>Header Files\Camera</Filter>
    </ClInclude>
    <ClInclude Include="Source\Camera2.h">
      <Filter>Header Files\Camera</Filter>
    </ClInclude>
    <ClInclude Include="Source\Light.h">
      <Filter>Header Files\Misc</Filter>
    </ClInclude>
    <ClInclude Include="Source\Vertex.h">
      <Filter>Header Files\Misc</Filter>
    </ClInclude>
    <ClInclude Include="Source\LoadOBJ.h">
      <Filter>Header Files\Misc</Filter>
    </ClInclude>
    <ClInclude Include="Source\LoadTGA.h">
      <Filter>Header Files\Misc</Filter>
    </ClInclude>
    <ClInclude Include="Source\Material.h">
      <Filter>Header Files\Misc</Filter>
    </ClInclude>
    <ClInclude Include="Source\Mesh.h">
      <Filter>Header Files\Misc</Filter>
    </ClInclude>
    <ClInclude Include="Source\MeshBuilder.h">
      <Filter>Header Files\Misc</Filter>
    </ClInclude>
    <ClInclude Include="Source\shader.hpp">
      <Filter>Header Files\Misc</Filter>
    </ClInclude>
    <ClInclude Include="Source\SpriteAnimation.h">
      <Filter>Header Files\Misc</Filter>
    </ClInclude>
    <ClInclude Include="Source\TileMap.h">
      <Filter>Header Files\Misc</Filter>
    </ClInclude>
    <ClInclude Include="Source\Utility.h">
      <Filter>Header Files\Misc</Filter>
    </ClInclude>
    <ClInclude Include="Source\TileSheet.h">
      <Filter>Header Files\Misc</Filter>
    </ClInclude>
    <ClInclude Include="Source\Scene.h">
      <Filter>Header Files\Main\Scene</Filter>
    </ClInclude>
    <ClInclude Include="Source\SceneGame.h">
      <Filter>Header Files\Main\Scene</Filter>
    </ClInclude>
    <ClInclude Include="Source\Scene2D.h">
      <Filter>Header Files\Main\Scene</Filter>
    </ClInclude>
    <ClInclude Include="Source\GameObject2D.h">
      <Filter>Header Files\2D</Filter>
    </ClInclude>
    <ClInclude Include="Source\Buttons.h">
      <Filter>Header Files\2D\UI</Filter>
    </ClInclude>
    <ClInclude Include="Source\Character.h">
      <Filter>Header Files\2D\Character</Filter>
    </ClInclude>
    <ClInclude Include="Source\Player.h">
      <Filter>Header Files\2D\Character</Filter>
    </ClInclude>
    <ClInclude Include="Source\Item.h">
      <Filter>Header Files\2D\Item</Filter>
    </ClInclude>
    <ClInclude Include="Source\ItemClothing.h">
      <Filter>Header Files\2D\Item\Type</Filter>
    </ClInclude>
    <ClInclude Include="Source\ItemMisc.h">
      <Filter>Header Files\2D\Item\Type</Filter>
    </ClInclude>
    <ClInclude Include="Source\ItemWeapon.h">
      <Filter>Header Files\2D\Item\Type</Filter>
    </ClInclude>
    <ClInclude Include="Source\Room.h">
      <Filter>Header Files\2D</Filter>
    </ClInclude>
    <ClInclude Include="Source\AI.h">
      <Filter>Header Files\2D\Character\AI</Filter>
    </ClInclude>
    <ClInclude Include="Source\Guards.h">
      <Filter>Header Files\2D\Character\AI</Filter>
    </ClInclude>
    <ClInclude Include="Source\Prisoners.h">
      <Filter>Header Files\2D\Character\AI</Filter>
    </ClInclude>
    <ClInclude Include="Source\Interface.h">
      <Filter>Header Files\2D\UI</Filter>
    </ClInclude>
    <ClInclude Include="Source\StateMachine.h">
      <Filter>Header Files\2D\Character</Filter>
    </ClInclude>
    <ClInclude Include="Source\Sound.h">
      <Filter>Header Files\2D</Filter>
    </ClInclude>
    <ClInclude Include="Source\Keyboard.h">
      <Filter>Header Files\Input</Filter>
    </ClInclude>
  </ItemGroup>
</Project>